{
  "version": 4,
  "terraform_version": "1.6.2",
  "serial": 25,
  "lineage": "41584066-ba97-bc28-1ae5-ee69ffbd702a",
  "outputs": {},
  "resources": [
    {
      "mode": "managed",
      "type": "aws_security_group",
      "name": "node-ec2-sg",
      "provider": "provider[\"registry.terraform.io/hashicorp/aws\"]",
      "instances": [
        {
          "schema_version": 1,
          "attributes": {
            "arn": "arn:aws:ec2:ap-northeast-2:182024812696:security-group/sg-0c80198f6b198e361",
            "description": "Managed by Terraform",
            "egress": [
              {
                "cidr_blocks": [
                  "0.0.0.0/0"
                ],
                "description": "",
                "from_port": 0,
                "ipv6_cidr_blocks": [],
                "prefix_list_ids": [],
                "protocol": "-1",
                "security_groups": [],
                "self": false,
                "to_port": 0
              }
            ],
            "id": "sg-0c80198f6b198e361",
            "ingress": [
              {
                "cidr_blocks": [
                  "0.0.0.0/0"
                ],
                "description": "from to http",
                "from_port": 80,
                "ipv6_cidr_blocks": [],
                "prefix_list_ids": [],
                "protocol": "tcp",
                "security_groups": [],
                "self": false,
                "to_port": 80
              },
              {
                "cidr_blocks": [
                  "0.0.0.0/0"
                ],
                "description": "from to https",
                "from_port": 443,
                "ipv6_cidr_blocks": [],
                "prefix_list_ids": [],
                "protocol": "tcp",
                "security_groups": [],
                "self": false,
                "to_port": 443
              },
              {
                "cidr_blocks": [
                  "0.0.0.0/0"
                ],
                "description": "from to node-exporter",
                "from_port": 9090,
                "ipv6_cidr_blocks": [],
                "prefix_list_ids": [],
                "protocol": "tcp",
                "security_groups": [],
                "self": false,
                "to_port": 9091
              },
              {
                "cidr_blocks": [
                  "0.0.0.0/0"
                ],
                "description": "from to nodejs port",
                "from_port": 3000,
                "ipv6_cidr_blocks": [],
                "prefix_list_ids": [],
                "protocol": "tcp",
                "security_groups": [],
                "self": false,
                "to_port": 3000
              },
              {
                "cidr_blocks": [
                  "0.0.0.0/0"
                ],
                "description": "from to ssh",
                "from_port": 22,
                "ipv6_cidr_blocks": [],
                "prefix_list_ids": [],
                "protocol": "tcp",
                "security_groups": [],
                "self": false,
                "to_port": 22
              },
              {
                "cidr_blocks": [
                  "10.0.0.0/16"
                ],
                "description": "ping test",
                "from_port": -1,
                "ipv6_cidr_blocks": [],
                "prefix_list_ids": [],
                "protocol": "icmp",
                "security_groups": [],
                "self": false,
                "to_port": -1
              }
            ],
            "name": "node-ec2-sg",
            "name_prefix": "",
            "owner_id": "182024812696",
            "revoke_rules_on_delete": false,
            "tags": {
              "Name": "node-ec2-sg"
            },
            "tags_all": {
              "Name": "node-ec2-sg"
            },
            "timeouts": null,
            "vpc_id": "vpc-07b29bf03817840e5"
          },
          "sensitive_attributes": [],
          "private": "eyJlMmJmYjczMC1lY2FhLTExZTYtOGY4OC0zNDM2M2JjN2M0YzAiOnsiY3JlYXRlIjo2MDAwMDAwMDAwMDAsImRlbGV0ZSI6OTAwMDAwMDAwMDAwfSwic2NoZW1hX3ZlcnNpb24iOiIxIn0="
        }
      ]
    },
    {
      "mode": "managed",
      "type": "aws_security_group",
      "name": "prom-ec2-sg",
      "provider": "provider[\"registry.terraform.io/hashicorp/aws\"]",
      "instances": [
        {
          "schema_version": 1,
          "attributes": {
            "arn": "arn:aws:ec2:ap-northeast-2:182024812696:security-group/sg-087c626b71c13be46",
            "description": "Managed by Terraform",
            "egress": [
              {
                "cidr_blocks": [
                  "0.0.0.0/0"
                ],
                "description": "",
                "from_port": 0,
                "ipv6_cidr_blocks": [],
                "prefix_list_ids": [],
                "protocol": "-1",
                "security_groups": [],
                "self": false,
                "to_port": 0
              }
            ],
            "id": "sg-087c626b71c13be46",
            "ingress": [
              {
                "cidr_blocks": [
                  "0.0.0.0/0"
                ],
                "description": "from to https",
                "from_port": 443,
                "ipv6_cidr_blocks": [],
                "prefix_list_ids": [],
                "protocol": "tcp",
                "security_groups": [],
                "self": false,
                "to_port": 443
              },
              {
                "cidr_blocks": [
                  "0.0.0.0/0"
                ],
                "description": "from to prometheus",
                "from_port": 9090,
                "ipv6_cidr_blocks": [],
                "prefix_list_ids": [],
                "protocol": "tcp",
                "security_groups": [],
                "self": false,
                "to_port": 9090
              },
              {
                "cidr_blocks": [
                  "0.0.0.0/0"
                ],
                "description": "from to ssh",
                "from_port": 22,
                "ipv6_cidr_blocks": [],
                "prefix_list_ids": [],
                "protocol": "tcp",
                "security_groups": [],
                "self": false,
                "to_port": 22
              },
              {
                "cidr_blocks": [
                  "10.0.0.0/16"
                ],
                "description": "ping test",
                "from_port": -1,
                "ipv6_cidr_blocks": [],
                "prefix_list_ids": [],
                "protocol": "icmp",
                "security_groups": [],
                "self": false,
                "to_port": -1
              }
            ],
            "name": "prom-ec2-sg",
            "name_prefix": "",
            "owner_id": "182024812696",
            "revoke_rules_on_delete": false,
            "tags": {
              "Name": "node-ec2-sg"
            },
            "tags_all": {
              "Name": "node-ec2-sg"
            },
            "timeouts": null,
            "vpc_id": "vpc-07b29bf03817840e5"
          },
          "sensitive_attributes": [],
          "private": "eyJlMmJmYjczMC1lY2FhLTExZTYtOGY4OC0zNDM2M2JjN2M0YzAiOnsiY3JlYXRlIjo2MDAwMDAwMDAwMDAsImRlbGV0ZSI6OTAwMDAwMDAwMDAwfSwic2NoZW1hX3ZlcnNpb24iOiIxIn0="
        }
      ]
    },
    {
      "module": "module.node-ec2[0]",
      "mode": "managed",
      "type": "aws_instance",
      "name": "instance",
      "provider": "provider[\"registry.terraform.io/hashicorp/aws\"]",
      "instances": [
        {
          "schema_version": 1,
          "attributes": {
            "ami": "ami-09e70258ddbdf3c90",
            "arn": "arn:aws:ec2:ap-northeast-2:182024812696:instance/i-067f7e91f2d7219e1",
            "associate_public_ip_address": true,
            "availability_zone": "ap-northeast-2a",
            "capacity_reservation_specification": [
              {
                "capacity_reservation_preference": "open",
                "capacity_reservation_target": []
              }
            ],
            "cpu_core_count": 1,
            "cpu_options": [
              {
                "amd_sev_snp": "",
                "core_count": 1,
                "threads_per_core": 1
              }
            ],
            "cpu_threads_per_core": 1,
            "credit_specification": [
              {
                "cpu_credits": "standard"
              }
            ],
            "disable_api_stop": false,
            "disable_api_termination": false,
            "ebs_block_device": [],
            "ebs_optimized": false,
            "enclave_options": [
              {
                "enabled": false
              }
            ],
            "ephemeral_block_device": [],
            "get_password_data": false,
            "hibernation": false,
            "host_id": "",
            "host_resource_group_arn": null,
            "iam_instance_profile": "",
            "id": "i-067f7e91f2d7219e1",
            "instance_initiated_shutdown_behavior": "stop",
            "instance_lifecycle": "",
            "instance_market_options": [],
            "instance_state": "running",
            "instance_type": "t2.micro",
            "ipv6_address_count": 0,
            "ipv6_addresses": [],
            "key_name": "terraform-20231119065954734200000002",
            "launch_template": [],
            "maintenance_options": [
              {
                "auto_recovery": "default"
              }
            ],
            "metadata_options": [
              {
                "http_endpoint": "enabled",
                "http_protocol_ipv6": "disabled",
                "http_put_response_hop_limit": 1,
                "http_tokens": "optional",
                "instance_metadata_tags": "disabled"
              }
            ],
            "monitoring": false,
            "network_interface": [],
            "outpost_arn": "",
            "password_data": "",
            "placement_group": "",
            "placement_partition_number": 0,
            "primary_network_interface_id": "eni-06cebb7cc628a414c",
            "private_dns": "ip-172-31-2-115.ap-northeast-2.compute.internal",
            "private_dns_name_options": [
              {
                "enable_resource_name_dns_a_record": false,
                "enable_resource_name_dns_aaaa_record": false,
                "hostname_type": "ip-name"
              }
            ],
            "private_ip": "172.31.2.115",
            "public_dns": "ec2-3-35-222-38.ap-northeast-2.compute.amazonaws.com",
            "public_ip": "3.35.222.38",
            "root_block_device": [
              {
                "delete_on_termination": true,
                "device_name": "/dev/xvda",
                "encrypted": false,
                "iops": 3000,
                "kms_key_id": "",
                "tags": {},
                "throughput": 125,
                "volume_id": "vol-05da28865e0f00610",
                "volume_size": 20,
                "volume_type": "gp3"
              }
            ],
            "secondary_private_ips": [],
            "security_groups": [
              "node-ec2-sg"
            ],
            "source_dest_check": true,
            "spot_instance_request_id": "",
            "subnet_id": "subnet-06240758a52eb3483",
            "tags": {
              "Monitoring": "true",
              "Name": "node-ec2-0",
              "Resource": "ec2"
            },
            "tags_all": {
              "Monitoring": "true",
              "Name": "node-ec2-0",
              "Resource": "ec2"
            },
            "tenancy": "default",
            "timeouts": null,
            "user_data": null,
            "user_data_base64": null,
            "user_data_replace_on_change": false,
            "volume_tags": null,
            "vpc_security_group_ids": [
              "sg-0c80198f6b198e361"
            ]
          },
          "sensitive_attributes": [],
          "private": "eyJlMmJmYjczMC1lY2FhLTExZTYtOGY4OC0zNDM2M2JjN2M0YzAiOnsiY3JlYXRlIjo2MDAwMDAwMDAwMDAsImRlbGV0ZSI6MTIwMDAwMDAwMDAwMCwidXBkYXRlIjo2MDAwMDAwMDAwMDB9LCJzY2hlbWFfdmVyc2lvbiI6IjEifQ==",
          "dependencies": [
            "aws_security_group.node-ec2-sg",
            "module.node-ec2.aws_key_pair.ins_keypair"
          ]
        }
      ]
    },
    {
      "module": "module.node-ec2[0]",
      "mode": "managed",
      "type": "aws_key_pair",
      "name": "ins_keypair",
      "provider": "provider[\"registry.terraform.io/hashicorp/aws\"]",
      "instances": [
        {
          "index_key": 0,
          "schema_version": 1,
          "attributes": {
            "arn": "arn:aws:ec2:ap-northeast-2:182024812696:key-pair/terraform-20231119065954734200000002",
            "fingerprint": "de:a5:93:18:75:24:d2:f0:dc:9b:a7:5b:bc:1f:31:a6",
            "id": "terraform-20231119065954734200000002",
            "key_name": "terraform-20231119065954734200000002",
            "key_name_prefix": "terraform-",
            "key_pair_id": "key-08430df5d5e3e7d4c",
            "key_type": "rsa",
            "public_key": "ssh-rsa AAAAB3NzaC1yc2EAAAADAQABAAABgQC7tYi7liECbwYc2G4E8WhfgezEve4cyhm6/YEeM1MdSWH27wLJ8RtjPREJKD4lGV7fIEy+CzUxe2XEW1P330RcLzSh98hSogjrtcGZFmPQJf9saMJWai7dFIiMhsxB5VJzcyrrMnO7hBzgU/AXB8Es4YNd9oZsZz3djJmNJfBT3wmtcy+PawZ/Kby7BDegFQBhDJVi99V0dpAvFRc12YjCAPh5MX6jdn4lwPkPljLWT0gRywC6kd9NRMeGvLhv9l47FTle/1q0esiV6mKMjiUsLidZXnqfwOQ8Rd2tgK8suDhH52NUKL6e7gSKl4T2dFCLGMm48ijCzSa1Q5rTmPAbsJWVs+oIGBwbbLWV9havWjkGOWe6oAqvtIOgSl40XUsu6I/aDdfBIN5e4XNRf2J0eb5mbNBqZVUkbGk5E2lnrxGvKvX40eCnOXxbzzBym4+it0ElKYJQFWkbiLfddCLkPGO67wwLUqDDDX+Ig/WBgzTMMacSnTo1uo1DxY1/pOE= dk@idong-gyuui-MacBookPro-2.local",
            "tags": {
              "Name": "-keypair",
              "Resource": "keypair"
            },
            "tags_all": {
              "Name": "-keypair",
              "Resource": "keypair"
            }
          },
          "sensitive_attributes": [],
          "private": "eyJzY2hlbWFfdmVyc2lvbiI6IjEifQ=="
        }
      ]
    },
    {
      "module": "module.node-ec2[1]",
      "mode": "managed",
      "type": "aws_instance",
      "name": "instance",
      "provider": "provider[\"registry.terraform.io/hashicorp/aws\"]",
      "instances": [
        {
          "schema_version": 1,
          "attributes": {
            "ami": "ami-09e70258ddbdf3c90",
            "arn": "arn:aws:ec2:ap-northeast-2:182024812696:instance/i-09ed70c9dc71d1a12",
            "associate_public_ip_address": true,
            "availability_zone": "ap-northeast-2a",
            "capacity_reservation_specification": [
              {
                "capacity_reservation_preference": "open",
                "capacity_reservation_target": []
              }
            ],
            "cpu_core_count": 1,
            "cpu_options": [
              {
                "amd_sev_snp": "",
                "core_count": 1,
                "threads_per_core": 1
              }
            ],
            "cpu_threads_per_core": 1,
            "credit_specification": [
              {
                "cpu_credits": "standard"
              }
            ],
            "disable_api_stop": false,
            "disable_api_termination": false,
            "ebs_block_device": [],
            "ebs_optimized": false,
            "enclave_options": [
              {
                "enabled": false
              }
            ],
            "ephemeral_block_device": [],
            "get_password_data": false,
            "hibernation": false,
            "host_id": "",
            "host_resource_group_arn": null,
            "iam_instance_profile": "",
            "id": "i-09ed70c9dc71d1a12",
            "instance_initiated_shutdown_behavior": "stop",
            "instance_lifecycle": "",
            "instance_market_options": [],
            "instance_state": "running",
            "instance_type": "t2.micro",
            "ipv6_address_count": 0,
            "ipv6_addresses": [],
            "key_name": "terraform-20231119065954727300000001",
            "launch_template": [],
            "maintenance_options": [
              {
                "auto_recovery": "default"
              }
            ],
            "metadata_options": [
              {
                "http_endpoint": "enabled",
                "http_protocol_ipv6": "disabled",
                "http_put_response_hop_limit": 1,
                "http_tokens": "optional",
                "instance_metadata_tags": "disabled"
              }
            ],
            "monitoring": false,
            "network_interface": [],
            "outpost_arn": "",
            "password_data": "",
            "placement_group": "",
            "placement_partition_number": 0,
            "primary_network_interface_id": "eni-0e5a289fb87786ee3",
            "private_dns": "ip-172-31-3-214.ap-northeast-2.compute.internal",
            "private_dns_name_options": [
              {
                "enable_resource_name_dns_a_record": false,
                "enable_resource_name_dns_aaaa_record": false,
                "hostname_type": "ip-name"
              }
            ],
            "private_ip": "172.31.3.214",
            "public_dns": "ec2-13-124-58-98.ap-northeast-2.compute.amazonaws.com",
            "public_ip": "13.124.58.98",
            "root_block_device": [
              {
                "delete_on_termination": true,
                "device_name": "/dev/xvda",
                "encrypted": false,
                "iops": 3000,
                "kms_key_id": "",
                "tags": {},
                "throughput": 125,
                "volume_id": "vol-09a5343241670cbd0",
                "volume_size": 20,
                "volume_type": "gp3"
              }
            ],
            "secondary_private_ips": [],
            "security_groups": [
              "node-ec2-sg"
            ],
            "source_dest_check": true,
            "spot_instance_request_id": "",
            "subnet_id": "subnet-06240758a52eb3483",
            "tags": {
              "Monitoring": "true",
              "Name": "node-ec2-1",
              "Resource": "ec2"
            },
            "tags_all": {
              "Monitoring": "true",
              "Name": "node-ec2-1",
              "Resource": "ec2"
            },
            "tenancy": "default",
            "timeouts": null,
            "user_data": null,
            "user_data_base64": null,
            "user_data_replace_on_change": false,
            "volume_tags": null,
            "vpc_security_group_ids": [
              "sg-0c80198f6b198e361"
            ]
          },
          "sensitive_attributes": [],
          "private": "eyJlMmJmYjczMC1lY2FhLTExZTYtOGY4OC0zNDM2M2JjN2M0YzAiOnsiY3JlYXRlIjo2MDAwMDAwMDAwMDAsImRlbGV0ZSI6MTIwMDAwMDAwMDAwMCwidXBkYXRlIjo2MDAwMDAwMDAwMDB9LCJzY2hlbWFfdmVyc2lvbiI6IjEifQ==",
          "dependencies": [
            "aws_security_group.node-ec2-sg",
            "module.node-ec2.aws_key_pair.ins_keypair"
          ]
        }
      ]
    },
    {
      "module": "module.node-ec2[1]",
      "mode": "managed",
      "type": "aws_key_pair",
      "name": "ins_keypair",
      "provider": "provider[\"registry.terraform.io/hashicorp/aws\"]",
      "instances": [
        {
          "index_key": 0,
          "schema_version": 1,
          "attributes": {
            "arn": "arn:aws:ec2:ap-northeast-2:182024812696:key-pair/terraform-20231119065954727300000001",
            "fingerprint": "de:a5:93:18:75:24:d2:f0:dc:9b:a7:5b:bc:1f:31:a6",
            "id": "terraform-20231119065954727300000001",
            "key_name": "terraform-20231119065954727300000001",
            "key_name_prefix": "terraform-",
            "key_pair_id": "key-094d17b688b878534",
            "key_type": "rsa",
            "public_key": "ssh-rsa AAAAB3NzaC1yc2EAAAADAQABAAABgQC7tYi7liECbwYc2G4E8WhfgezEve4cyhm6/YEeM1MdSWH27wLJ8RtjPREJKD4lGV7fIEy+CzUxe2XEW1P330RcLzSh98hSogjrtcGZFmPQJf9saMJWai7dFIiMhsxB5VJzcyrrMnO7hBzgU/AXB8Es4YNd9oZsZz3djJmNJfBT3wmtcy+PawZ/Kby7BDegFQBhDJVi99V0dpAvFRc12YjCAPh5MX6jdn4lwPkPljLWT0gRywC6kd9NRMeGvLhv9l47FTle/1q0esiV6mKMjiUsLidZXnqfwOQ8Rd2tgK8suDhH52NUKL6e7gSKl4T2dFCLGMm48ijCzSa1Q5rTmPAbsJWVs+oIGBwbbLWV9havWjkGOWe6oAqvtIOgSl40XUsu6I/aDdfBIN5e4XNRf2J0eb5mbNBqZVUkbGk5E2lnrxGvKvX40eCnOXxbzzBym4+it0ElKYJQFWkbiLfddCLkPGO67wwLUqDDDX+Ig/WBgzTMMacSnTo1uo1DxY1/pOE= dk@idong-gyuui-MacBookPro-2.local",
            "tags": {
              "Name": "-keypair",
              "Resource": "keypair"
            },
            "tags_all": {
              "Name": "-keypair",
              "Resource": "keypair"
            }
          },
          "sensitive_attributes": [],
          "private": "eyJzY2hlbWFfdmVyc2lvbiI6IjEifQ=="
        }
      ]
    },
    {
      "module": "module.node-ec2[2]",
      "mode": "managed",
      "type": "aws_instance",
      "name": "instance",
      "provider": "provider[\"registry.terraform.io/hashicorp/aws\"]",
      "instances": [
        {
          "schema_version": 1,
          "attributes": {
            "ami": "ami-09e70258ddbdf3c90",
            "arn": "arn:aws:ec2:ap-northeast-2:182024812696:instance/i-04298b95e709b6813",
            "associate_public_ip_address": true,
            "availability_zone": "ap-northeast-2a",
            "capacity_reservation_specification": [
              {
                "capacity_reservation_preference": "open",
                "capacity_reservation_target": []
              }
            ],
            "cpu_core_count": 1,
            "cpu_options": [
              {
                "amd_sev_snp": "",
                "core_count": 1,
                "threads_per_core": 1
              }
            ],
            "cpu_threads_per_core": 1,
            "credit_specification": [
              {
                "cpu_credits": "standard"
              }
            ],
            "disable_api_stop": false,
            "disable_api_termination": false,
            "ebs_block_device": [],
            "ebs_optimized": false,
            "enclave_options": [
              {
                "enabled": false
              }
            ],
            "ephemeral_block_device": [],
            "get_password_data": false,
            "hibernation": false,
            "host_id": "",
            "host_resource_group_arn": null,
            "iam_instance_profile": "",
            "id": "i-04298b95e709b6813",
            "instance_initiated_shutdown_behavior": "stop",
            "instance_lifecycle": "",
            "instance_market_options": [],
            "instance_state": "running",
            "instance_type": "t2.micro",
            "ipv6_address_count": 0,
            "ipv6_addresses": [],
            "key_name": "terraform-20231119065954734200000003",
            "launch_template": [],
            "maintenance_options": [
              {
                "auto_recovery": "default"
              }
            ],
            "metadata_options": [
              {
                "http_endpoint": "enabled",
                "http_protocol_ipv6": "disabled",
                "http_put_response_hop_limit": 1,
                "http_tokens": "optional",
                "instance_metadata_tags": "disabled"
              }
            ],
            "monitoring": false,
            "network_interface": [],
            "outpost_arn": "",
            "password_data": "",
            "placement_group": "",
            "placement_partition_number": 0,
            "primary_network_interface_id": "eni-09ae658fc3a7a8788",
            "private_dns": "ip-172-31-7-73.ap-northeast-2.compute.internal",
            "private_dns_name_options": [
              {
                "enable_resource_name_dns_a_record": false,
                "enable_resource_name_dns_aaaa_record": false,
                "hostname_type": "ip-name"
              }
            ],
            "private_ip": "172.31.7.73",
            "public_dns": "ec2-43-201-59-163.ap-northeast-2.compute.amazonaws.com",
            "public_ip": "43.201.59.163",
            "root_block_device": [
              {
                "delete_on_termination": true,
                "device_name": "/dev/xvda",
                "encrypted": false,
                "iops": 3000,
                "kms_key_id": "",
                "tags": {},
                "throughput": 125,
                "volume_id": "vol-0548f5c796ab81159",
                "volume_size": 20,
                "volume_type": "gp3"
              }
            ],
            "secondary_private_ips": [],
            "security_groups": [
              "node-ec2-sg"
            ],
            "source_dest_check": true,
            "spot_instance_request_id": "",
            "subnet_id": "subnet-06240758a52eb3483",
            "tags": {
              "Monitoring": "true",
              "Name": "node-ec2-2",
              "Resource": "ec2"
            },
            "tags_all": {
              "Monitoring": "true",
              "Name": "node-ec2-2",
              "Resource": "ec2"
            },
            "tenancy": "default",
            "timeouts": null,
            "user_data": null,
            "user_data_base64": null,
            "user_data_replace_on_change": false,
            "volume_tags": null,
            "vpc_security_group_ids": [
              "sg-0c80198f6b198e361"
            ]
          },
          "sensitive_attributes": [],
          "private": "eyJlMmJmYjczMC1lY2FhLTExZTYtOGY4OC0zNDM2M2JjN2M0YzAiOnsiY3JlYXRlIjo2MDAwMDAwMDAwMDAsImRlbGV0ZSI6MTIwMDAwMDAwMDAwMCwidXBkYXRlIjo2MDAwMDAwMDAwMDB9LCJzY2hlbWFfdmVyc2lvbiI6IjEifQ==",
          "dependencies": [
            "aws_security_group.node-ec2-sg",
            "module.node-ec2.aws_key_pair.ins_keypair"
          ]
        }
      ]
    },
    {
      "module": "module.node-ec2[2]",
      "mode": "managed",
      "type": "aws_key_pair",
      "name": "ins_keypair",
      "provider": "provider[\"registry.terraform.io/hashicorp/aws\"]",
      "instances": [
        {
          "index_key": 0,
          "schema_version": 1,
          "attributes": {
            "arn": "arn:aws:ec2:ap-northeast-2:182024812696:key-pair/terraform-20231119065954734200000003",
            "fingerprint": "de:a5:93:18:75:24:d2:f0:dc:9b:a7:5b:bc:1f:31:a6",
            "id": "terraform-20231119065954734200000003",
            "key_name": "terraform-20231119065954734200000003",
            "key_name_prefix": "terraform-",
            "key_pair_id": "key-0d302c3c72651ecc1",
            "key_type": "rsa",
            "public_key": "ssh-rsa AAAAB3NzaC1yc2EAAAADAQABAAABgQC7tYi7liECbwYc2G4E8WhfgezEve4cyhm6/YEeM1MdSWH27wLJ8RtjPREJKD4lGV7fIEy+CzUxe2XEW1P330RcLzSh98hSogjrtcGZFmPQJf9saMJWai7dFIiMhsxB5VJzcyrrMnO7hBzgU/AXB8Es4YNd9oZsZz3djJmNJfBT3wmtcy+PawZ/Kby7BDegFQBhDJVi99V0dpAvFRc12YjCAPh5MX6jdn4lwPkPljLWT0gRywC6kd9NRMeGvLhv9l47FTle/1q0esiV6mKMjiUsLidZXnqfwOQ8Rd2tgK8suDhH52NUKL6e7gSKl4T2dFCLGMm48ijCzSa1Q5rTmPAbsJWVs+oIGBwbbLWV9havWjkGOWe6oAqvtIOgSl40XUsu6I/aDdfBIN5e4XNRf2J0eb5mbNBqZVUkbGk5E2lnrxGvKvX40eCnOXxbzzBym4+it0ElKYJQFWkbiLfddCLkPGO67wwLUqDDDX+Ig/WBgzTMMacSnTo1uo1DxY1/pOE= dk@idong-gyuui-MacBookPro-2.local",
            "tags": {
              "Name": "-keypair",
              "Resource": "keypair"
            },
            "tags_all": {
              "Name": "-keypair",
              "Resource": "keypair"
            }
          },
          "sensitive_attributes": [],
          "private": "eyJzY2hlbWFfdmVyc2lvbiI6IjEifQ=="
        }
      ]
    },
    {
      "module": "module.prom-ec2",
      "mode": "managed",
      "type": "aws_instance",
      "name": "instance",
      "provider": "provider[\"registry.terraform.io/hashicorp/aws\"]",
      "instances": [
        {
          "schema_version": 1,
          "attributes": {
            "ami": "ami-09e70258ddbdf3c90",
            "arn": "arn:aws:ec2:ap-northeast-2:182024812696:instance/i-0261e4c17879afc22",
            "associate_public_ip_address": true,
            "availability_zone": "ap-northeast-2a",
            "capacity_reservation_specification": [
              {
                "capacity_reservation_preference": "open",
                "capacity_reservation_target": []
              }
            ],
            "cpu_core_count": 1,
            "cpu_options": [
              {
                "amd_sev_snp": "",
                "core_count": 1,
                "threads_per_core": 1
              }
            ],
            "cpu_threads_per_core": 1,
            "credit_specification": [
              {
                "cpu_credits": "standard"
              }
            ],
            "disable_api_stop": false,
            "disable_api_termination": false,
            "ebs_block_device": [],
            "ebs_optimized": false,
            "enclave_options": [
              {
                "enabled": false
              }
            ],
            "ephemeral_block_device": [],
            "get_password_data": false,
            "hibernation": false,
            "host_id": "",
            "host_resource_group_arn": null,
            "iam_instance_profile": "",
            "id": "i-0261e4c17879afc22",
            "instance_initiated_shutdown_behavior": "stop",
            "instance_lifecycle": "",
            "instance_market_options": [],
            "instance_state": "running",
            "instance_type": "t2.micro",
            "ipv6_address_count": 0,
            "ipv6_addresses": [],
            "key_name": "terraform-20231119063549246200000002",
            "launch_template": [],
            "maintenance_options": [
              {
                "auto_recovery": "default"
              }
            ],
            "metadata_options": [
              {
                "http_endpoint": "enabled",
                "http_protocol_ipv6": "disabled",
                "http_put_response_hop_limit": 1,
                "http_tokens": "optional",
                "instance_metadata_tags": "disabled"
              }
            ],
            "monitoring": false,
            "network_interface": [],
            "outpost_arn": "",
            "password_data": "",
            "placement_group": "",
            "placement_partition_number": 0,
            "primary_network_interface_id": "eni-09546de0e8bce3d53",
            "private_dns": "ip-172-31-2-238.ap-northeast-2.compute.internal",
            "private_dns_name_options": [
              {
                "enable_resource_name_dns_a_record": false,
                "enable_resource_name_dns_aaaa_record": false,
                "hostname_type": "ip-name"
              }
            ],
            "private_ip": "172.31.2.238",
            "public_dns": "ec2-3-36-58-67.ap-northeast-2.compute.amazonaws.com",
            "public_ip": "3.36.58.67",
            "root_block_device": [
              {
                "delete_on_termination": true,
                "device_name": "/dev/xvda",
                "encrypted": false,
                "iops": 3000,
                "kms_key_id": "",
                "tags": {},
                "throughput": 125,
                "volume_id": "vol-039b57ca428627411",
                "volume_size": 20,
                "volume_type": "gp3"
              }
            ],
            "secondary_private_ips": [],
            "security_groups": [
              "prom-ec2-sg"
            ],
            "source_dest_check": true,
            "spot_instance_request_id": "",
            "subnet_id": "subnet-06240758a52eb3483",
            "tags": {
              "MadeBy": "terraform",
              "Name": "prom-ec2",
              "Resource": "ec2"
            },
            "tags_all": {
              "MadeBy": "terraform",
              "Name": "prom-ec2",
              "Resource": "ec2"
            },
            "tenancy": "default",
            "timeouts": null,
            "user_data": null,
            "user_data_base64": null,
            "user_data_replace_on_change": false,
            "volume_tags": null,
            "vpc_security_group_ids": [
              "sg-087c626b71c13be46"
            ]
          },
          "sensitive_attributes": [],
          "private": "eyJlMmJmYjczMC1lY2FhLTExZTYtOGY4OC0zNDM2M2JjN2M0YzAiOnsiY3JlYXRlIjo2MDAwMDAwMDAwMDAsImRlbGV0ZSI6MTIwMDAwMDAwMDAwMCwidXBkYXRlIjo2MDAwMDAwMDAwMDB9LCJzY2hlbWFfdmVyc2lvbiI6IjEifQ==",
          "dependencies": [
            "aws_security_group.prom-ec2-sg",
            "module.prom-ec2.aws_key_pair.ins_keypair"
          ]
        }
      ]
    },
    {
      "module": "module.prom-ec2",
      "mode": "managed",
      "type": "aws_key_pair",
      "name": "ins_keypair",
      "provider": "provider[\"registry.terraform.io/hashicorp/aws\"]",
      "instances": [
        {
          "index_key": 0,
          "schema_version": 1,
          "attributes": {
            "arn": "arn:aws:ec2:ap-northeast-2:182024812696:key-pair/terraform-20231119063549246200000002",
            "fingerprint": "de:a5:93:18:75:24:d2:f0:dc:9b:a7:5b:bc:1f:31:a6",
            "id": "terraform-20231119063549246200000002",
            "key_name": "terraform-20231119063549246200000002",
            "key_name_prefix": "terraform-",
            "key_pair_id": "key-0221404037dba7020",
            "key_type": "rsa",
            "public_key": "ssh-rsa AAAAB3NzaC1yc2EAAAADAQABAAABgQC7tYi7liECbwYc2G4E8WhfgezEve4cyhm6/YEeM1MdSWH27wLJ8RtjPREJKD4lGV7fIEy+CzUxe2XEW1P330RcLzSh98hSogjrtcGZFmPQJf9saMJWai7dFIiMhsxB5VJzcyrrMnO7hBzgU/AXB8Es4YNd9oZsZz3djJmNJfBT3wmtcy+PawZ/Kby7BDegFQBhDJVi99V0dpAvFRc12YjCAPh5MX6jdn4lwPkPljLWT0gRywC6kd9NRMeGvLhv9l47FTle/1q0esiV6mKMjiUsLidZXnqfwOQ8Rd2tgK8suDhH52NUKL6e7gSKl4T2dFCLGMm48ijCzSa1Q5rTmPAbsJWVs+oIGBwbbLWV9havWjkGOWe6oAqvtIOgSl40XUsu6I/aDdfBIN5e4XNRf2J0eb5mbNBqZVUkbGk5E2lnrxGvKvX40eCnOXxbzzBym4+it0ElKYJQFWkbiLfddCLkPGO67wwLUqDDDX+Ig/WBgzTMMacSnTo1uo1DxY1/pOE= dk@idong-gyuui-MacBookPro-2.local",
            "tags": {
              "Name": "-keypair",
              "Resource": "keypair"
            },
            "tags_all": {
              "Name": "-keypair",
              "Resource": "keypair"
            }
          },
          "sensitive_attributes": [],
          "private": "eyJzY2hlbWFfdmVyc2lvbiI6IjEifQ=="
        }
      ]
    }
  ],
  "check_results": null
}
